Microsoft Visual Studio Solution File, Format Version 11.00
# Visual Studio 2010
Project("{FAE04EC0-301F-11D3-BF4B-00C04F79EFBC}") = "Assembly-CSharp", "Assembly-CSharp.csproj", "{2523BD09-B246-63FD-8BC3-DF39EC8409A5}"
EndProject
Project("{FAE04EC0-301F-11D3-BF4B-00C04F79EFBC}") = "Assembly-CSharp-Editor", "Assembly-CSharp-Editor.csproj", "{FC9F7048-9AD2-7A4F-E1BE-49CEBE0FD216}"
EndProject
Global
	GlobalSection(SolutionConfigurationPlatforms) = preSolution
		Debug|Any CPU = Debug|Any CPU
		Release|Any CPU = Release|Any CPU
	EndGlobalSection
	GlobalSection(ProjectConfigurationPlatforms) = postSolution
		{2523BD09-B246-63FD-8BC3-DF39EC8409A5}.Debug|Any CPU.ActiveCfg = Debug|Any CPU
		{2523BD09-B246-63FD-8BC3-DF39EC8409A5}.Debug|Any CPU.Build.0 = Debug|Any CPU
		{2523BD09-B246-63FD-8BC3-DF39EC8409A5}.Release|Any CPU.ActiveCfg = Release|Any CPU
		{2523BD09-B246-63FD-8BC3-DF39EC8409A5}.Release|Any CPU.Build.0 = Release|Any CPU
		{FC9F7048-9AD2-7A4F-E1BE-49CEBE0FD216}.Debug|Any CPU.ActiveCfg = Debug|Any CPU
		{FC9F7048-9AD2-7A4F-E1BE-49CEBE0FD216}.Debug|Any CPU.Build.0 = Debug|Any CPU
		{FC9F7048-9AD2-7A4F-E1BE-49CEBE0FD216}.Release|Any CPU.ActiveCfg = Release|Any CPU
		{FC9F7048-9AD2-7A4F-E1BE-49CEBE0FD216}.Release|Any CPU.Build.0 = Release|Any CPU
	EndGlobalSection
	GlobalSection(SolutionProperties) = preSolution
		HideSolutionNode = FALSE
	EndGlobalSection
	GlobalSection(MonoDevelopProperties) = preSolution
		StartupItem = Assembly-CSharp.csproj
	EndGlobalSection
EndGlobal
